// !$*UTF8*$!
{
	archiveVersion = 1;
	classes = {
	};
	objectVersion = 46;
	objects = {

/* Begin PBXBuildFile section */
		6219D6E21CBB071400D6CF03 /* main.m in Sources */ = {isa = PBXBuildFile; fileRef = 6219D6E11CBB071400D6CF03 /* main.m */; };
		6219D6E51CBB071400D6CF03 /* AppDelegate.m in Sources */ = {isa = PBXBuildFile; fileRef = 6219D6E41CBB071400D6CF03 /* AppDelegate.m */; };
		6219D6E81CBB071400D6CF03 /* MasterViewController.m in Sources */ = {isa = PBXBuildFile; fileRef = 6219D6E71CBB071400D6CF03 /* MasterViewController.m */; };
		6219D6EB1CBB071400D6CF03 /* DetailViewController.m in Sources */ = {isa = PBXBuildFile; fileRef = 6219D6EA1CBB071400D6CF03 /* DetailViewController.m */; };
		6219D6EE1CBB071400D6CF03 /* Main.storyboard in Resources */ = {isa = PBXBuildFile; fileRef = 6219D6EC1CBB071400D6CF03 /* Main.storyboard */; };
		6219D6F01CBB071400D6CF03 /* Assets.xcassets in Resources */ = {isa = PBXBuildFile; fileRef = 6219D6EF1CBB071400D6CF03 /* Assets.xcassets */; };
		6219D6F31CBB071400D6CF03 /* LaunchScreen.storyboard in Resources */ = {isa = PBXBuildFile; fileRef = 6219D6F11CBB071400D6CF03 /* LaunchScreen.storyboard */; };
		6219D6FE1CBB071400D6CF03 /* blocksTests.m in Sources */ = {isa = PBXBuildFile; fileRef = 6219D6FD1CBB071400D6CF03 /* blocksTests.m */; };
		6219D7091CBB071400D6CF03 /* blocksUITests.m in Sources */ = {isa = PBXBuildFile; fileRef = 6219D7081CBB071400D6CF03 /* blocksUITests.m */; };
/* End PBXBuildFile section */

/* Begin PBXContainerItemProxy section */
		6219D6FA1CBB071400D6CF03 /* PBXContainerItemProxy */ = {
			isa = PBXContainerItemProxy;
			containerPortal = 6219D6D51CBB071300D6CF03 /* Project object */;
			proxyType = 1;
			remoteGlobalIDString = 6219D6DC1CBB071300D6CF03;
			remoteInfo = blocks;
		};
		6219D7051CBB071400D6CF03 /* PBXContainerItemProxy */ = {
			isa = PBXContainerItemProxy;
			containerPortal = 6219D6D51CBB071300D6CF03 /* Project object */;
			proxyType = 1;
			remoteGlobalIDString = 6219D6DC1CBB071300D6CF03;
			remoteInfo = blocks;
		};
/* End PBXContainerItemProxy section */

/* Begin PBXFileReference section */
		6219D6DD1CBB071300D6CF03 /* blocks.app */ = {isa = PBXFileReference; explicitFileType = wrapper.application; includeInIndex = 0; path = blocks.app; sourceTree = BUILT_PRODUCTS_DIR; };
		6219D6E11CBB071400D6CF03 /* main.m */ = {isa = PBXFileReference; lastKnownFileType = sourcecode.c.objc; path = main.m; sourceTree = "<group>"; };
		6219D6E31CBB071400D6CF03 /* AppDelegate.h */ = {isa = PBXFileReference; lastKnownFileType = sourcecode.c.h; path = AppDelegate.h; sourceTree = "<group>"; };
		6219D6E41CBB071400D6CF03 /* AppDelegate.m */ = {isa = PBXFileReference; lastKnownFileType = sourcecode.c.objc; path = AppDelegate.m; sourceTree = "<group>"; };
		6219D6E61CBB071400D6CF03 /* MasterViewController.h */ = {isa = PBXFileReference; lastKnownFileType = sourcecode.c.h; path = MasterViewController.h; sourceTree = "<group>"; };
		6219D6E71CBB071400D6CF03 /* MasterViewController.m */ = {isa = PBXFileReference; lastKnownFileType = sourcecode.c.objc; path = MasterViewController.m; sourceTree = "<group>"; };
		6219D6E91CBB071400D6CF03 /* DetailViewController.h */ = {isa = PBXFileReference; lastKnownFileType = sourcecode.c.h; path = DetailViewController.h; sourceTree = "<group>"; };
		6219D6EA1CBB071400D6CF03 /* DetailViewController.m */ = {isa = PBXFileReference; lastKnownFileType = sourcecode.c.objc; path = DetailViewController.m; sourceTree = "<group>"; };
		6219D6ED1CBB071400D6CF03 /* Base */ = {isa = PBXFileReference; lastKnownFileType = file.storyboard; name = Base; path = Base.lproj/Main.storyboard; sourceTree = "<group>"; };
		6219D6EF1CBB071400D6CF03 /* Assets.xcassets */ = {isa = PBXFileReference; lastKnownFileType = folder.assetcatalog; path = Assets.xcassets; sourceTree = "<group>"; };
		6219D6F21CBB071400D6CF03 /* Base */ = {isa = PBXFileReference; lastKnownFileType = file.storyboard; name = Base; path = Base.lproj/LaunchScreen.storyboard; sourceTree = "<group>"; };
		6219D6F41CBB071400D6CF03 /* Info.plist */ = {isa = PBXFileReference; lastKnownFileType = text.plist.xml; path = Info.plist; sourceTree = "<group>"; };
		6219D6F91CBB071400D6CF03 /* blocksTests.xctest */ = {isa = PBXFileReference; explicitFileType = wrapper.cfbundle; includeInIndex = 0; path = blocksTests.xctest; sourceTree = BUILT_PRODUCTS_DIR; };
		6219D6FD1CBB071400D6CF03 /* blocksTests.m */ = {isa = PBXFileReference; lastKnownFileType = sourcecode.c.objc; path = blocksTests.m; sourceTree = "<group>"; };
		6219D6FF1CBB071400D6CF03 /* Info.plist */ = {isa = PBXFileReference; lastKnownFileType = text.plist.xml; path = Info.plist; sourceTree = "<group>"; };
		6219D7041CBB071400D6CF03 /* blocksUITests.xctest */ = {isa = PBXFileReference; explicitFileType = wrapper.cfbundle; includeInIndex = 0; path = blocksUITests.xctest; sourceTree = BUILT_PRODUCTS_DIR; };
		6219D7081CBB071400D6CF03 /* blocksUITests.m */ = {isa = PBXFileReference; lastKnownFileType = sourcecode.c.objc; path = blocksUITests.m; sourceTree = "<group>"; };
		6219D70A1CBB071400D6CF03 /* Info.plist */ = {isa = PBXFileReference; lastKnownFileType = text.plist.xml; path = Info.plist; sourceTree = "<group>"; };
/* End PBXFileReference section */

/* Begin PBXFrameworksBuildPhase section */
		6219D6DA1CBB071300D6CF03 /* Frameworks */ = {
			isa = PBXFrameworksBuildPhase;
			buildActionMask = 2147483647;
			files = (
			);
			runOnlyForDeploymentPostprocessing = 0;
		};
		6219D6F61CBB071400D6CF03 /* Frameworks */ = {
			isa = PBXFrameworksBuildPhase;
			buildActionMask = 2147483647;
			files = (
			);
			runOnlyForDeploymentPostprocessing = 0;
		};
		6219D7011CBB071400D6CF03 /* Frameworks */ = {
			isa = PBXFrameworksBuildPhase;
			buildActionMask = 2147483647;
			files = (
			);
			runOnlyForDeploymentPostprocessing = 0;
		};
/* End PBXFrameworksBuildPhase section */

/* Begin PBXGroup section */
		6219D6D41CBB071300D6CF03 = {
			isa = PBXGroup;
			children = (
				6219D6DF1CBB071300D6CF03 /* blocks */,
				6219D6FC1CBB071400D6CF03 /* blocksTests */,
				6219D7071CBB071400D6CF03 /* blocksUITests */,
				6219D6DE1CBB071300D6CF03 /* Products */,
			);
			sourceTree = "<group>";
		};
		6219D6DE1CBB071300D6CF03 /* Products */ = {
			isa = PBXGroup;
			children = (
				6219D6DD1CBB071300D6CF03 /* blocks.app */,
				6219D6F91CBB071400D6CF03 /* blocksTests.xctest */,
				6219D7041CBB071400D6CF03 /* blocksUITests.xctest */,
			);
			name = Products;
			sourceTree = "<group>";
		};
		6219D6DF1CBB071300D6CF03 /* blocks */ = {
			isa = PBXGroup;
			children = (
				6219D6E31CBB071400D6CF03 /* AppDelegate.h */,
				6219D6E41CBB071400D6CF03 /* AppDelegate.m */,
				6219D6E61CBB071400D6CF03 /* MasterViewController.h */,
				6219D6E71CBB071400D6CF03 /* MasterViewController.m */,
				6219D6E91CBB071400D6CF03 /* DetailViewController.h */,
				6219D6EA1CBB071400D6CF03 /* DetailViewController.m */,
				6219D6EC1CBB071400D6CF03 /* Main.storyboard */,
				6219D6EF1CBB071400D6CF03 /* Assets.xcassets */,
				6219D6F11CBB071400D6CF03 /* LaunchScreen.storyboard */,
				6219D6F41CBB071400D6CF03 /* Info.plist */,
				6219D6E01CBB071300D6CF03 /* Supporting Files */,
			);
			path = blocks;
			sourceTree = "<group>";
		};
		6219D6E01CBB071300D6CF03 /* Supporting Files */ = {
			isa = PBXGroup;
			children = (
				6219D6E11CBB071400D6CF03 /* main.m */,
			);
			name = "Supporting Files";
			sourceTree = "<group>";
		};
		6219D6FC1CBB071400D6CF03 /* blocksTests */ = {
			isa = PBXGroup;
			children = (
				6219D6FD1CBB071400D6CF03 /* blocksTests.m */,
				6219D6FF1CBB071400D6CF03 /* Info.plist */,
			);
			path = blocksTests;
			sourceTree = "<group>";
		};
		6219D7071CBB071400D6CF03 /* blocksUITests */ = {
			isa = PBXGroup;
			children = (
				6219D7081CBB071400D6CF03 /* blocksUITests.m */,
				6219D70A1CBB071400D6CF03 /* Info.plist */,
			);
			path = blocksUITests;
			sourceTree = "<group>";
		};
/* End PBXGroup section */

/* Begin PBXNativeTarget section */
		6219D6DC1CBB071300D6CF03 /* blocks */ = {
			isa = PBXNativeTarget;
			buildConfigurationList = 6219D70D1CBB071400D6CF03 /* Build configuration list for PBXNativeTarget "blocks" */;
			buildPhases = (
				6219D6D91CBB071300D6CF03 /* Sources */,
				6219D6DA1CBB071300D6CF03 /* Frameworks */,
				6219D6DB1CBB071300D6CF03 /* Resources */,
			);
			buildRules = (
			);
			dependencies = (
			);
			name = blocks;
			productName = blocks;
			productReference = 6219D6DD1CBB071300D6CF03 /* blocks.app */;
			productType = "com.apple.product-type.application";
		};
		6219D6F81CBB071400D6CF03 /* blocksTests */ = {
			isa = PBXNativeTarget;
			buildConfigurationList = 6219D7101CBB071400D6CF03 /* Build configuration list for PBXNativeTarget "blocksTests" */;
			buildPhases = (
				6219D6F51CBB071400D6CF03 /* Sources */,
				6219D6F61CBB071400D6CF03 /* Frameworks */,
				6219D6F71CBB071400D6CF03 /* Resources */,
			);
			buildRules = (
			);
			dependencies = (
				6219D6FB1CBB071400D6CF03 /* PBXTargetDependency */,
			);
			name = blocksTests;
			productName = blocksTests;
			productReference = 6219D6F91CBB071400D6CF03 /* blocksTests.xctest */;
			productType = "com.apple.product-type.bundle.unit-test";
		};
		6219D7031CBB071400D6CF03 /* blocksUITests */ = {
			isa = PBXNativeTarget;
			buildConfigurationList = 6219D7131CBB071400D6CF03 /* Build configuration list for PBXNativeTarget "blocksUITests" */;
			buildPhases = (
				6219D7001CBB071400D6CF03 /* Sources */,
				6219D7011CBB071400D6CF03 /* Frameworks */,
				6219D7021CBB071400D6CF03 /* Resources */,
			);
			buildRules = (
			);
			dependencies = (
				6219D7061CBB071400D6CF03 /* PBXTargetDependency */,
			);
			name = blocksUITests;
			productName = blocksUITests;
			productReference = 6219D7041CBB071400D6CF03 /* blocksUITests.xctest */;
			productType = "com.apple.product-type.bundle.ui-testing";
		};
/* End PBXNativeTarget section */

/* Begin PBXProject section */
		6219D6D51CBB071300D6CF03 /* Project object */ = {
			isa = PBXProject;
			attributes = {
				LastUpgradeCheck = 0730;
				ORGANIZATIONNAME = "Sean Fitzgerald";
				TargetAttributes = {
					6219D6DC1CBB071300D6CF03 = {
						CreatedOnToolsVersion = 7.3;
					};
					6219D6F81CBB071400D6CF03 = {
						CreatedOnToolsVersion = 7.3;
						TestTargetID = 6219D6DC1CBB071300D6CF03;
					};
					6219D7031CBB071400D6CF03 = {
						CreatedOnToolsVersion = 7.3;
						TestTargetID = 6219D6DC1CBB071300D6CF03;
					};
				};
			};
			buildConfigurationList = 6219D6D81CBB071300D6CF03 /* Build configuration list for PBXProject "blocks" */;
			compatibilityVersion = "Xcode 3.2";
			developmentRegion = English;
			hasScannedForEncodings = 0;
			knownRegions = (
				en,
				Base,
			);
			mainGroup = 6219D6D41CBB071300D6CF03;
			productRefGroup = 6219D6DE1CBB071300D6CF03 /* Products */;
			projectDirPath = "";
			projectRoot = "";
			targets = (
				6219D6DC1CBB071300D6CF03 /* blocks */,
				6219D6F81CBB071400D6CF03 /* blocksTests */,
				6219D7031CBB071400D6CF03 /* blocksUITests */,
			);
		};
/* End PBXProject section */

/* Begin PBXResourcesBuildPhase section */
		6219D6DB1CBB071300D6CF03 /* Resources */ = {
			isa = PBXResourcesBuildPhase;
			buildActionMask = 2147483647;
			files = (
				6219D6F31CBB071400D6CF03 /* LaunchScreen.storyboard in Resources */,
				6219D6F01CBB071400D6CF03 /* Assets.xcassets in Resources */,
				6219D6EE1CBB071400D6CF03 /* Main.storyboard in Resources */,
			);
			runOnlyForDeploymentPostprocessing = 0;
		};
		6219D6F71CBB071400D6CF03 /* Resources */ = {
			isa = PBXResourcesBuildPhase;
			buildActionMask = 2147483647;
			files = (
			);
			runOnlyForDeploymentPostprocessing = 0;
		};
		6219D7021CBB071400D6CF03 /* Resources */ = {
			isa = PBXResourcesBuildPhase;
			buildActionMask = 2147483647;
			files = (
			);
			runOnlyForDeploymentPostprocessing = 0;
		};
/* End PBXResourcesBuildPhase section */

/* Begin PBXSourcesBuildPhase section */
		6219D6D91CBB071300D6CF03 /* Sources */ = {
			isa = PBXSourcesBuildPhase;
			buildActionMask = 2147483647;
			files = (
				6219D6E51CBB071400D6CF03 /* AppDelegate.m in Sources */,
				6219D6E81CBB071400D6CF03 /* MasterViewController.m in Sources */,
				6219D6E21CBB071400D6CF03 /* main.m in Sources */,
				6219D6EB1CBB071400D6CF03 /* DetailViewController.m in Sources */,
			);
			runOnlyForDeploymentPostprocessing = 0;
		};
		6219D6F51CBB071400D6CF03 /* Sources */ = {
			isa = PBXSourcesBuildPhase;
			buildActionMask = 2147483647;
			files = (
				6219D6FE1CBB071400D6CF03 /* blocksTests.m in Sources */,
			);
			runOnlyForDeploymentPostprocessing = 0;
		};
		6219D7001CBB071400D6CF03 /* Sources */ = {
			isa = PBXSourcesBuildPhase;
			buildActionMask = 2147483647;
			files = (
				6219D7091CBB071400D6CF03 /* blocksUITests.m in Sources */,
			);
			runOnlyForDeploymentPostprocessing = 0;
		};
/* End PBXSourcesBuildPhase section */

/* Begin PBXTargetDependency section */
		6219D6FB1CBB071400D6CF03 /* PBXTargetDependency */ = {
			isa = PBXTargetDependency;
			target = 6219D6DC1CBB071300D6CF03 /* blocks */;
			targetProxy = 6219D6FA1CBB071400D6CF03 /* PBXContainerItemProxy */;
		};
		6219D7061CBB071400D6CF03 /* PBXTargetDependency */ = {
			isa = PBXTargetDependency;
			target = 6219D6DC1CBB071300D6CF03 /* blocks */;
			targetProxy = 6219D7051CBB071400D6CF03 /* PBXContainerItemProxy */;
		};
/* End PBXTargetDependency section */

/* Begin PBXVariantGroup section */
		6219D6EC1CBB071400D6CF03 /* Main.storyboard */ = {
			isa = PBXVariantGroup;
			children = (
				6219D6ED1CBB071400D6CF03 /* Base */,
			);
			name = Main.storyboard;
			sourceTree = "<group>";
		};
		6219D6F11CBB071400D6CF03 /* LaunchScreen.storyboard */ = {
			isa = PBXVariantGroup;
			children = (
				6219D6F21CBB071400D6CF03 /* Base */,
			);
			name = LaunchScreen.storyboard;
			sourceTree = "<group>";
		};
/* End PBXVariantGroup section */

/* Begin XCBuildConfiguration section */
		6219D70B1CBB071400D6CF03 /* Debug */ = {
			isa = XCBuildConfiguration;
			buildSettings = {
				ALWAYS_SEARCH_USER_PATHS = NO;
				CLANG_ANALYZER_NONNULL = YES;
				CLANG_CXX_LANGUAGE_STANDARD = "gnu++0x";
				CLANG_CXX_LIBRARY = "libc++";
				CLANG_ENABLE_MODULES = YES;
				CLANG_ENABLE_OBJC_ARC = YES;
				CLANG_WARN_BOOL_CONVERSION = YES;
				CLANG_WARN_CONSTANT_CONVERSION = YES;
				CLANG_WARN_DIRECT_OBJC_ISA_USAGE = YES_ERROR;
				CLANG_WARN_EMPTY_BODY = YES;
				CLANG_WARN_ENUM_CONVERSION = YES;
				CLANG_WARN_INT_CONVERSION = YES;
				CLANG_WARN_OBJC_ROOT_CLASS = YES_ERROR;
				CLANG_WARN_UNREACHABLE_CODE = YES;
				CLANG_WARN__DUPLICATE_METHOD_MATCH = YES;
				"CODE_SIGN_IDENTITY[sdk=iphoneos*]" = "iPhone Developer";
				COPY_PHASE_STRIP = NO;
				DEBUG_INFORMATION_FORMAT = dwarf;
				ENABLE_STRICT_OBJC_MSGSEND = YES;
				ENABLE_TESTABILITY = YES;
				GCC_C_LANGUAGE_STANDARD = gnu99;
				GCC_DYNAMIC_NO_PIC = NO;
				GCC_NO_COMMON_BLOCKS = YES;
				GCC_OPTIMIZATION_LEVEL = 0;
				GCC_PREPROCESSOR_DEFINITIONS = (
					"DEBUG=1",
					"$(inherited)",
				);
				GCC_WARN_64_TO_32_BIT_CONVERSION = YES;
				GCC_WARN_ABOUT_RETURN_TYPE = YES_ERROR;
				GCC_WARN_UNDECLARED_SELECTOR = YES;
				GCC_WARN_UNINITIALIZED_AUTOS = YES_AGGRESSIVE;
				GCC_WARN_UNUSED_FUNCTION = YES;
				GCC_WARN_UNUSED_VARIABLE = YES;
				IPHONEOS_DEPLOYMENT_TARGET = 9.3;
				MTL_ENABLE_DEBUG_INFO = YES;
				ONLY_ACTIVE_ARCH = YES;
				SDKROOT = iphoneos;
				TARGETED_DEVICE_FAMILY = "1,2";
			};
			name = Debug;
		};
		6219D70C1CBB071400D6CF03 /* Release */ = {
			isa = XCBuildConfiguration;
			buildSettings = {
				ALWAYS_SEARCH_USER_PATHS = NO;
				CLANG_ANALYZER_NONNULL = YES;
				CLANG_CXX_LANGUAGE_STANDARD = "gnu++0x";
				CLANG_CXX_LIBRARY = "libc++";
				CLANG_ENABLE_MODULES = YES;
				CLANG_ENABLE_OBJC_ARC = YES;
				CLANG_WARN_BOOL_CONVERSION = YES;
				CLANG_WARN_CONSTANT_CONVERSION = YES;
				CLANG_WARN_DIRECT_OBJC_ISA_USAGE = YES_ERROR;
				CLANG_WARN_EMPTY_BODY = YES;
				CLANG_WARN_ENUM_CONVERSION = YES;
				CLANG_WARN_INT_CONVERSION = YES;
				CLANG_WARN_OBJC_ROOT_CLASS = YES_ERROR;
				CLANG_WARN_UNREACHABLE_CODE = YES;
				CLANG_WARN__DUPLICATE_METHOD_MATCH = YES;
				"CODE_SIGN_IDENTITY[sdk=iphoneos*]" = "iPhone Developer";
				COPY_PHASE_STRIP = NO;
				DEBUG_INFORMATION_FORMAT = "dwarf-with-dsym";
				ENABLE_NS_ASSERTIONS = NO;
				ENABLE_STRICT_OBJC_MSGSEND = YES;
				GCC_C_LANGUAGE_STANDARD = gnu99;
				GCC_NO_COMMON_BLOCKS = YES;
				GCC_WARN_64_TO_32_BIT_CONVERSION = YES;
				GCC_WARN_ABOUT_RETURN_TYPE = YES_ERROR;
				GCC_WARN_UNDECLARED_SELECTOR = YES;
				GCC_WARN_UNINITIALIZED_AUTOS = YES_AGGRESSIVE;
				GCC_WARN_UNUSED_FUNCTION = YES;
				GCC_WARN_UNUSED_VARIABLE = YES;
				IPHONEOS_DEPLOYMENT_TARGET = 9.3;
				MTL_ENABLE_DEBUG_INFO = NO;
				SDKROOT = iphoneos;
				TARGETED_DEVICE_FAMILY = "1,2";
				VALIDATE_PRODUCT = YES;
			};
			name = Release;
		};
		6219D70E1CBB071400D6CF03 /* Debug */ = {
			isa = XCBuildConfiguration;
			buildSettings = {
				ASSETCATALOG_COMPILER_APPICON_NAME = AppIcon;
				INFOPLIST_FILE = blocks/Info.plist;
				LD_RUNPATH_SEARCH_PATHS = "$(inherited) @executable_path/Frameworks";
				PRODUCT_BUNDLE_IDENTIFIER = sfitzgerald.blocks;
				PRODUCT_NAME = "$(TARGET_NAME)";
			};
			name = Debug;
		};
		6219D70F1CBB071400D6CF03 /* Release */ = {
			isa = XCBuildConfiguration;
			buildSettings = {
				ASSETCATALOG_COMPILER_APPICON_NAME = AppIcon;
				INFOPLIST_FILE = blocks/Info.plist;
				LD_RUNPATH_SEARCH_PATHS = "$(inherited) @executable_path/Frameworks";
				PRODUCT_BUNDLE_IDENTIFIER = sfitzgerald.blocks;
				PRODUCT_NAME = "$(TARGET_NAME)";
			};
			name = Release;
		};
		6219D7111CBB071400D6CF03 /* Debug */ = {
			isa = XCBuildConfiguration;
			buildSettings = {
				BUNDLE_LOADER = "$(TEST_HOST)";
				INFOPLIST_FILE = blocksTests/Info.plist;
				LD_RUNPATH_SEARCH_PATHS = "$(inherited) @executable_path/Frameworks @loader_path/Frameworks";
				PRODUCT_BUNDLE_IDENTIFIER = sfitzgerald.blocksTests;
				PRODUCT_NAME = "$(TARGET_NAME)";
				TEST_HOST = "$(BUILT_PRODUCTS_DIR)/blocks.app/blocks";
			};
			name = Debug;
		};
		6219D7121CBB071400D6CF03 /* Release */ = {
			isa = XCBuildConfiguration;
			buildSettings = {
				BUNDLE_LOADER = "$(TEST_HOST)";
				INFOPLIST_FILE = blocksTests/Info.plist;
				LD_RUNPATH_SEARCH_PATHS = "$(inherited) @executable_path/Frameworks @loader_path/Frameworks";
				PRODUCT_BUNDLE_IDENTIFIER = sfitzgerald.blocksTests;
				PRODUCT_NAME = "$(TARGET_NAME)";
				TEST_HOST = "$(BUILT_PRODUCTS_DIR)/blocks.app/blocks";
			};
			name = Release;
		};
		6219D7141CBB071400D6CF03 /* Debug */ = {
			isa = XCBuildConfiguration;
			buildSettings = {
				INFOPLIST_FILE = blocksUITests/Info.plist;
				LD_RUNPATH_SEARCH_PATHS = "$(inherited) @executable_path/Frameworks @loader_path/Frameworks";
				PRODUCT_BUNDLE_IDENTIFIER = sfitzgerald.blocksUITests;
				PRODUCT_NAME = "$(TARGET_NAME)";
				TEST_TARGET_NAME = blocks;
			};
			name = Debug;
		};
		6219D7151CBB071400D6CF03 /* Release */ = {
			isa = XCBuildConfiguration;
			buildSettings = {
				INFOPLIST_FILE = blocksUITests/Info.plist;
				LD_RUNPATH_SEARCH_PATHS = "$(inherited) @executable_path/Frameworks @loader_path/Frameworks";
				PRODUCT_BUNDLE_IDENTIFIER = sfitzgerald.blocksUITests;
				PRODUCT_NAME = "$(TARGET_NAME)";
				TEST_TARGET_NAME = blocks;
			};
			name = Release;
		};
/* End XCBuildConfiguration section */

/* Begin XCConfigurationList section */
		6219D6D81CBB071300D6CF03 /* Build configuration list for PBXProject "blocks" */ = {
			isa = XCConfigurationList;
			buildConfigurations = (
				6219D70B1CBB071400D6CF03 /* Debug */,
				6219D70C1CBB071400D6CF03 /* Release */,
			);
			defaultConfigurationIsVisible = 0;
			defaultConfigurationName = Release;
		};
		6219D70D1CBB071400D6CF03 /* Build configuration list for PBXNativeTarget "blocks" */ = {
			isa = XCConfigurationList;
			buildConfigurations = (
				6219D70E1CBB071400D6CF03 /* Debug */,
				6219D70F1CBB071400D6CF03 /* Release */,
			);
			defaultConfigurationIsVisible = 0;
		};
		6219D7101CBB071400D6CF03 /* Build configuration list for PBXNativeTarget "blocksTests" */ = {
			isa = XCConfigurationList;
			buildConfigurations = (
				6219D7111CBB071400D6CF03 /* Debug */,
				6219D7121CBB071400D6CF03 /* Release */,
			);
			defaultConfigurationIsVisible = 0;
		};
		6219D7131CBB071400D6CF03 /* Build configuration list for PBXNativeTarget "blocksUITests" */ = {
			isa = XCConfigurationList;
			buildConfigurations = (
				6219D7141CBB071400D6CF03 /* Debug */,
				6219D7151CBB071400D6CF03 /* Release */,
			);
			defaultConfigurationIsVisible = 0;
		};
/* End XCConfigurationList section */
	};
	rootObject = 6219D6D51CBB071300D6CF03 /* Project object */;
}
